// !$*UTF8*$!
{
	archiveVersion = 1;
	classes = {
	};
	objectVersion = 77;
	objects = {

/* Begin PBXBuildFile section */
		090775F4DCD3AAA54E46E7BE /* select.c in Sources */ = {isa = PBXBuildFile; fileRef = CEE97E640F36E486E936D662 /* select.c */; };
		0D0A28026608287F91953C1D /* ixland_kernel.h in CopyFiles */ = {isa = PBXBuildFile; fileRef = EA13B15CCD8B971FF43A0B0A /* ixland_kernel.h */; };
		0D84EAF38DA6A8E508BE0C49 /* init.c in Sources */ = {isa = PBXBuildFile; fileRef = 39D0E7EB0399137B3B50D873 /* init.c */; };
		0DF0ACBEEAE47B59A530901E /* namei.c in Sources */ = {isa = PBXBuildFile; fileRef = B812082344F5AACC45E3177E /* namei.c */; };
		153BA180C44AF246B7A09531 /* vfs.h in CopyFiles */ = {isa = PBXBuildFile; fileRef = 102271590B924315DBFD9F36 /* vfs.h */; };
		1839CD7C5177EF28A50F50A4 /* sys.c in Sources */ = {isa = PBXBuildFile; fileRef = 44556F4C5BECBDBE6377E352 /* sys.c */; };
		1C1BD491A46C871CF63395E6 /* pid.c in Sources */ = {isa = PBXBuildFile; fileRef = B28331F9DABC4C1CEEDE7D32 /* pid.c */; };
		2300306990BB3FE9FD35CCEF /* signal.h in CopyFiles */ = {isa = PBXBuildFile; fileRef = 27FE7FE4E71ACFF1E760A547 /* signal.h */; };
		34D09CEB0D46870E1B0A6136 /* inode.c in Sources */ = {isa = PBXBuildFile; fileRef = B9C479332C5F8D7836C1968A /* inode.c */; };
		396E8CA278EB8E9972EF7803 /* task.h in CopyFiles */ = {isa = PBXBuildFile; fileRef = 32D4FFC8983DA0D6A8C9628A /* task.h */; };
		39F6EA92D3700C5C96EED02C /* super.c in Sources */ = {isa = PBXBuildFile; fileRef = 59F9BFEF6F420778F2F23D78 /* super.c */; };
		43340CB35CF438AD27AB24E4 /* read_write.c in Sources */ = {isa = PBXBuildFile; fileRef = 9F911920AC546E1C220120D0 /* read_write.c */; };
		43F89C48C6C20C54E6F7E6C3 /* libIXLandSystem.a in Frameworks */ = {isa = PBXBuildFile; fileRef = F3878271ED051204AE43E2AB /* libIXLandSystem.a */; };
		444BA07490D7B717AD16E273 /* resource.c in Sources */ = {isa = PBXBuildFile; fileRef = F2536B690FDF4FD842DE8CCB /* resource.c */; };
		484A91628F12500D555C20FC /* cred.c in Sources */ = {isa = PBXBuildFile; fileRef = BE302EC4BDC89DA7ACB748D4 /* cred.c */; };
		4BCC9A0DDE7FB396E0B7F809 /* open.c in Sources */ = {isa = PBXBuildFile; fileRef = 2EB5C296DC3F9D5389F15A09 /* open.c */; };
		519E6CA4DC32E21EADE702C2 /* readdir.c in Sources */ = {isa = PBXBuildFile; fileRef = 2ACFD3BD2FD3D333DD4D1B83 /* readdir.c */; };
		54BCF82BC6644D4A1CC40596 /* tty.h in CopyFiles */ = {isa = PBXBuildFile; fileRef = E91A0D78AAE93C3CDBF431F2 /* tty.h */; };
		56BC1DE2626D5BFA4A803570 /* stat.c in Sources */ = {isa = PBXBuildFile; fileRef = A68A62288C88DB2973C4939F /* stat.c */; };
		5926C46A71AD192DAA2C05B4 /* eventpoll.c in Sources */ = {isa = PBXBuildFile; fileRef = DEF1C0E5F008D90BE5CD94C2 /* eventpoll.c */; };
		5D353D53EC3F295504D96678 /* select_internal.h in CopyFiles */ = {isa = PBXBuildFile; fileRef = 113DEB509126159A9495EFEF /* select_internal.h */; };
		5D96F1E42DF816F6C49071F1 /* path.c in Sources */ = {isa = PBXBuildFile; fileRef = D7324725B0824BC6D78E2B3E /* path.c */; };
		6312B4B91B6BB7FE4EE36C0C /* AppDelegate.swift in Sources */ = {isa = PBXBuildFile; fileRef = 50845BFC309AA35286E5AFCC /* AppDelegate.swift */; };
		68CFEE0D8D1FF3EF68544671 /* IXLandUITests.swift in Sources */ = {isa = PBXBuildFile; fileRef = 0A18BFE58A92DF337FC7994B /* IXLandUITests.swift */; };
		6C08F7B16A7DB8C4CB46CB86 /* fork.c in Sources */ = {isa = PBXBuildFile; fileRef = 8486810F6A348DA0F1BC4E91 /* fork.c */; };
		77EBE7AEB5BEBEB466456D54 /* random.c in Sources */ = {isa = PBXBuildFile; fileRef = 962A12C1A45FCF0C02E23CA4 /* random.c */; };
		7D722136EBC807841D267D4D /* fcntl.c in Sources */ = {isa = PBXBuildFile; fileRef = 6CA497179BBFF3856EFDDFE8 /* fcntl.c */; };
		8277C470714016ADD4114C05 /* libIXLandSystem.a in Frameworks */ = {isa = PBXBuildFile; fileRef = F3878271ED051204AE43E2AB /* libIXLandSystem.a */; };
		8F406B9AC063F66042B54C7B /* exit.c in Sources */ = {isa = PBXBuildFile; fileRef = 919ADCC86D2828A38148EA72 /* exit.c */; };
		9424D08ABD063E8A018C1446 /* fdtable.h in CopyFiles */ = {isa = PBXBuildFile; fileRef = 66371195BB3D8E0FDAE0DE51 /* fdtable.h */; };
		973AD70EEC47A7BEC0C24532 /* dirent.h in CopyFiles */ = {isa = PBXBuildFile; fileRef = 1EAC7ACB98EB727176C5B538 /* dirent.h */; };
		99B5DCE348B38295B3379F78 /* vfs.c in Sources */ = {isa = PBXBuildFile; fileRef = 45E11DC838F5A64391D07781 /* vfs.c */; };
		A04723CF686AF9E479684D08 /* sync.c in Sources */ = {isa = PBXBuildFile; fileRef = 96C02E30F44F3A72E72229AB /* sync.c */; };
		BDDB93AFDF312ED9D892C7F0 /* exec.c in Sources */ = {isa = PBXBuildFile; fileRef = B55345CABBD955F9E9E4E2C2 /* exec.c */; };
		BE5D9794D3389CE4D54C8336 /* mount.c in Sources */ = {isa = PBXBuildFile; fileRef = 5B9784F614F1A70DBC46E153 /* mount.c */; };
		C6E39EDC909BAD6DDD0F05C3 /* signal.c in Sources */ = {isa = PBXBuildFile; fileRef = B73E7640C9F9C4BDD5A9F7B5 /* signal.c */; };
		C732D5E3ED3A33ECEA463041 /* path.h in CopyFiles */ = {isa = PBXBuildFile; fileRef = 93F7CB114D71FDD13A0471E6 /* path.h */; };
		D0C9F86A643C8BF438537162 /* epoll_internal.h in CopyFiles */ = {isa = PBXBuildFile; fileRef = 1685887BEDA66A2B04959DFA /* epoll_internal.h */; };
		D7B85905284740894C84295B /* fdtable.c in Sources */ = {isa = PBXBuildFile; fileRef = EA11EF3181F70B2C2CFB12A5 /* fdtable.c */; };
		DE52DC66FD87C416FF794321 /* time.c in Sources */ = {isa = PBXBuildFile; fileRef = B1F213ACC372226515603E3E /* time.c */; };
		E02BB24CA6E26C0A393E1E24 /* SceneDelegate.swift in Sources */ = {isa = PBXBuildFile; fileRef = A4CD6536CF3896DD0F384346 /* SceneDelegate.swift */; };
		E1F7FC96D83F4051871FDAE6 /* network.c in Sources */ = {isa = PBXBuildFile; fileRef = 4A35A89E2CD3DD83F201314D /* network.c */; };
		E39AB4FFE36A9CAFF5DA04FA /* RootViewController.swift in Sources */ = {isa = PBXBuildFile; fileRef = E4C7D75B4693F6F2E143FC87 /* RootViewController.swift */; };
		EB701981DB22BEB97071AEFD /* exec.h in CopyFiles */ = {isa = PBXBuildFile; fileRef = BC2252789FD58321138BAB2E /* exec.h */; };
		ED636B3B410014A1370DC65D /* ioctl.c in Sources */ = {isa = PBXBuildFile; fileRef = 1537160035CAFE6A05C895D5 /* ioctl.c */; };
		EFADC2997D1FC8D5B484FD5F /* IXLandSystemTests.m in Sources */ = {isa = PBXBuildFile; fileRef = B85D2EA7EB5A447B6D4FD289 /* IXLandSystemTests.m */; };
		F097392AC198F4771EC53541 /* wait.c in Sources */ = {isa = PBXBuildFile; fileRef = A21109DC0D2ACB704553302F /* wait.c */; };
		F90A80A0AC506E1B24C45B83 /* libIXLandSystem.a in Frameworks */ = {isa = PBXBuildFile; fileRef = F3878271ED051204AE43E2AB /* libIXLandSystem.a */; };
		FA92FC4384E89E1FF129F3B1 /* IXLandTests.swift in Sources */ = {isa = PBXBuildFile; fileRef = 542202CB9503CD5EC3593755 /* IXLandTests.swift */; };
		FD5C37C0C76628210635C357 /* task.c in Sources */ = {isa = PBXBuildFile; fileRef = 39A11F96348F62208030EEF3 /* task.c */; };
/* End PBXBuildFile section */

/* Begin PBXContainerItemProxy section */
		137AE85948A06CE38F29F486 /* PBXContainerItemProxy */ = {
			isa = PBXContainerItemProxy;
			containerPortal = A2F6030825E783FA19A7CB4C /* Project object */;
			proxyType = 1;
			remoteGlobalIDString = 50BEDF360474886C1DEABD6B;
			remoteInfo = IXLand;
		};
		1C11C15A7DB8E2E1A4D0072D /* PBXContainerItemProxy */ = {
			isa = PBXContainerItemProxy;
			containerPortal = A2F6030825E783FA19A7CB4C /* Project object */;
			proxyType = 1;
			remoteGlobalIDString = DCDFCFEB2288D6DE1706A8D2;
			remoteInfo = IXLandSystem;
		};
		40A510E8E2C7FFD78A84552C /* PBXContainerItemProxy */ = {
			isa = PBXContainerItemProxy;
			containerPortal = A2F6030825E783FA19A7CB4C /* Project object */;
			proxyType = 1;
			remoteGlobalIDString = 50BEDF360474886C1DEABD6B;
			remoteInfo = IXLand;
		};
		5EBD48C173C68BA418365970 /* PBXContainerItemProxy */ = {
			isa = PBXContainerItemProxy;
			containerPortal = A2F6030825E783FA19A7CB4C /* Project object */;
			proxyType = 1;
			remoteGlobalIDString = DCDFCFEB2288D6DE1706A8D2;
			remoteInfo = IXLandSystem;
		};
		835CF5AF199AF5965C4F6DBC /* PBXContainerItemProxy */ = {
			isa = PBXContainerItemProxy;
			containerPortal = A2F6030825E783FA19A7CB4C /* Project object */;
			proxyType = 1;
			remoteGlobalIDString = DCDFCFEB2288D6DE1706A8D2;
			remoteInfo = IXLandSystem;
		};
/* End PBXContainerItemProxy section */

/* Begin PBXCopyFilesBuildPhase section */
		A571336FCBA21E7B2FB5C044 /* CopyFiles */ = {
			isa = PBXCopyFilesBuildPhase;
			buildActionMask = 2147483647;
			dstPath = "include/$(PRODUCT_NAME)";
			dstSubfolderSpec = 16;
			files = (
				973AD70EEC47A7BEC0C24532 /* dirent.h in CopyFiles */,
				D0C9F86A643C8BF438537162 /* epoll_internal.h in CopyFiles */,
				EB701981DB22BEB97071AEFD /* exec.h in CopyFiles */,
				9424D08ABD063E8A018C1446 /* fdtable.h in CopyFiles */,
				0D0A28026608287F91953C1D /* ixland_kernel.h in CopyFiles */,
				C732D5E3ED3A33ECEA463041 /* path.h in CopyFiles */,
				5D353D53EC3F295504D96678 /* select_internal.h in CopyFiles */,
				2300306990BB3FE9FD35CCEF /* signal.h in CopyFiles */,
				396E8CA278EB8E9972EF7803 /* task.h in CopyFiles */,
				54BCF82BC6644D4A1CC40596 /* tty.h in CopyFiles */,
				153BA180C44AF246B7A09531 /* vfs.h in CopyFiles */,
			);
			runOnlyForDeploymentPostprocessing = 0;
		};
/* End PBXCopyFilesBuildPhase section */

/* Begin PBXFileReference section */
		031FF2447718B52F38C30384 /* IXLand.app */ = {isa = PBXFileReference; includeInIndex = 0; lastKnownFileType = wrapper.application; path = IXLand.app; sourceTree = BUILT_PRODUCTS_DIR; };
		0A18BFE58A92DF337FC7994B /* IXLandUITests.swift */ = {isa = PBXFileReference; lastKnownFileType = sourcecode.swift; path = IXLandUITests.swift; sourceTree = "<group>"; };
		102271590B924315DBFD9F36 /* vfs.h */ = {isa = PBXFileReference; lastKnownFileType = sourcecode.c.h; path = vfs.h; sourceTree = "<group>"; };
		113DEB509126159A9495EFEF /* select_internal.h */ = {isa = PBXFileReference; lastKnownFileType = sourcecode.c.h; path = select_internal.h; sourceTree = "<group>"; };
		1537160035CAFE6A05C895D5 /* ioctl.c */ = {isa = PBXFileReference; lastKnownFileType = sourcecode.c.c; path = ioctl.c; sourceTree = "<group>"; };
		1685887BEDA66A2B04959DFA /* epoll_internal.h */ = {isa = PBXFileReference; lastKnownFileType = sourcecode.c.h; path = epoll_internal.h; sourceTree = "<group>"; };
		1EAC7ACB98EB727176C5B538 /* dirent.h */ = {isa = PBXFileReference; lastKnownFileType = sourcecode.c.h; path = dirent.h; sourceTree = "<group>"; };
		232BFD5BD38B632B9C5DA0C0 /* IXLandTests.xctest */ = {isa = PBXFileReference; includeInIndex = 0; lastKnownFileType = wrapper.cfbundle; path = IXLandTests.xctest; sourceTree = BUILT_PRODUCTS_DIR; };
		27FE7FE4E71ACFF1E760A547 /* signal.h */ = {isa = PBXFileReference; lastKnownFileType = sourcecode.c.h; path = signal.h; sourceTree = "<group>"; };
		2ACFD3BD2FD3D333DD4D1B83 /* readdir.c */ = {isa = PBXFileReference; lastKnownFileType = sourcecode.c.c; path = readdir.c; sourceTree = "<group>"; };
		2EB5C296DC3F9D5389F15A09 /* open.c */ = {isa = PBXFileReference; lastKnownFileType = sourcecode.c.c; path = open.c; sourceTree = "<group>"; };
		32D4FFC8983DA0D6A8C9628A /* task.h */ = {isa = PBXFileReference; lastKnownFileType = sourcecode.c.h; path = task.h; sourceTree = "<group>"; };
		39A11F96348F62208030EEF3 /* task.c */ = {isa = PBXFileReference; lastKnownFileType = sourcecode.c.c; path = task.c; sourceTree = "<group>"; };
		39D0E7EB0399137B3B50D873 /* init.c */ = {isa = PBXFileReference; lastKnownFileType = sourcecode.c.c; path = init.c; sourceTree = "<group>"; };
		44556F4C5BECBDBE6377E352 /* sys.c */ = {isa = PBXFileReference; lastKnownFileType = sourcecode.c.c; path = sys.c; sourceTree = "<group>"; };
		45E11DC838F5A64391D07781 /* vfs.c */ = {isa = PBXFileReference; lastKnownFileType = sourcecode.c.c; path = vfs.c; sourceTree = "<group>"; };
		4A35A89E2CD3DD83F201314D /* network.c */ = {isa = PBXFileReference; lastKnownFileType = sourcecode.c.c; path = network.c; sourceTree = "<group>"; };
		50845BFC309AA35286E5AFCC /* AppDelegate.swift */ = {isa = PBXFileReference; lastKnownFileType = sourcecode.swift; path = AppDelegate.swift; sourceTree = "<group>"; };
		542202CB9503CD5EC3593755 /* IXLandTests.swift */ = {isa = PBXFileReference; lastKnownFileType = sourcecode.swift; path = IXLandTests.swift; sourceTree = "<group>"; };
		59F9BFEF6F420778F2F23D78 /* super.c */ = {isa = PBXFileReference; lastKnownFileType = sourcecode.c.c; path = super.c; sourceTree = "<group>"; };
		5B9784F614F1A70DBC46E153 /* mount.c */ = {isa = PBXFileReference; lastKnownFileType = sourcecode.c.c; path = mount.c; sourceTree = "<group>"; };
		66371195BB3D8E0FDAE0DE51 /* fdtable.h */ = {isa = PBXFileReference; lastKnownFileType = sourcecode.c.h; path = fdtable.h; sourceTree = "<group>"; };
		6CA497179BBFF3856EFDDFE8 /* fcntl.c */ = {isa = PBXFileReference; lastKnownFileType = sourcecode.c.c; path = fcntl.c; sourceTree = "<group>"; };
		8486810F6A348DA0F1BC4E91 /* fork.c */ = {isa = PBXFileReference; lastKnownFileType = sourcecode.c.c; path = fork.c; sourceTree = "<group>"; };
		919ADCC86D2828A38148EA72 /* exit.c */ = {isa = PBXFileReference; lastKnownFileType = sourcecode.c.c; path = exit.c; sourceTree = "<group>"; };
		93F7CB114D71FDD13A0471E6 /* path.h */ = {isa = PBXFileReference; lastKnownFileType = sourcecode.c.h; path = path.h; sourceTree = "<group>"; };
		962A12C1A45FCF0C02E23CA4 /* random.c */ = {isa = PBXFileReference; lastKnownFileType = sourcecode.c.c; path = random.c; sourceTree = "<group>"; };
		96C02E30F44F3A72E72229AB /* sync.c */ = {isa = PBXFileReference; lastKnownFileType = sourcecode.c.c; path = sync.c; sourceTree = "<group>"; };
		9F911920AC546E1C220120D0 /* read_write.c */ = {isa = PBXFileReference; lastKnownFileType = sourcecode.c.c; path = read_write.c; sourceTree = "<group>"; };
		A21109DC0D2ACB704553302F /* wait.c */ = {isa = PBXFileReference; lastKnownFileType = sourcecode.c.c; path = wait.c; sourceTree = "<group>"; };
		A4CD6536CF3896DD0F384346 /* SceneDelegate.swift */ = {isa = PBXFileReference; lastKnownFileType = sourcecode.swift; path = SceneDelegate.swift; sourceTree = "<group>"; };
		A68A62288C88DB2973C4939F /* stat.c */ = {isa = PBXFileReference; lastKnownFileType = sourcecode.c.c; path = stat.c; sourceTree = "<group>"; };
		B1F213ACC372226515603E3E /* time.c */ = {isa = PBXFileReference; lastKnownFileType = sourcecode.c.c; path = time.c; sourceTree = "<group>"; };
		B28331F9DABC4C1CEEDE7D32 /* pid.c */ = {isa = PBXFileReference; lastKnownFileType = sourcecode.c.c; path = pid.c; sourceTree = "<group>"; };
		B55345CABBD955F9E9E4E2C2 /* exec.c */ = {isa = PBXFileReference; lastKnownFileType = sourcecode.c.c; path = exec.c; sourceTree = "<group>"; };
		B73E7640C9F9C4BDD5A9F7B5 /* signal.c */ = {isa = PBXFileReference; lastKnownFileType = sourcecode.c.c; path = signal.c; sourceTree = "<group>"; };
		B812082344F5AACC45E3177E /* namei.c */ = {isa = PBXFileReference; lastKnownFileType = sourcecode.c.c; path = namei.c; sourceTree = "<group>"; };
		B85D2EA7EB5A447B6D4FD289 /* IXLandSystemTests.m */ = {isa = PBXFileReference; lastKnownFileType = sourcecode.c.objc; path = IXLandSystemTests.m; sourceTree = "<group>"; };
		B8E065BBD339A95A93E9205B /* Info.plist */ = {isa = PBXFileReference; lastKnownFileType = text.plist; path = Info.plist; sourceTree = "<group>"; };
		B9C479332C5F8D7836C1968A /* inode.c */ = {isa = PBXFileReference; lastKnownFileType = sourcecode.c.c; path = inode.c; sourceTree = "<group>"; };
		BC2252789FD58321138BAB2E /* exec.h */ = {isa = PBXFileReference; lastKnownFileType = sourcecode.c.h; path = exec.h; sourceTree = "<group>"; };
		BE302EC4BDC89DA7ACB748D4 /* cred.c */ = {isa = PBXFileReference; lastKnownFileType = sourcecode.c.c; path = cred.c; sourceTree = "<group>"; };
		BEDEE61E8FB1427E701C2708 /* IXLandSystemTests.xctest */ = {isa = PBXFileReference; includeInIndex = 0; lastKnownFileType = wrapper.cfbundle; path = IXLandSystemTests.xctest; sourceTree = BUILT_PRODUCTS_DIR; };
		CEE97E640F36E486E936D662 /* select.c */ = {isa = PBXFileReference; lastKnownFileType = sourcecode.c.c; path = select.c; sourceTree = "<group>"; };
		D7324725B0824BC6D78E2B3E /* path.c */ = {isa = PBXFileReference; lastKnownFileType = sourcecode.c.c; path = path.c; sourceTree = "<group>"; };
		DEF1C0E5F008D90BE5CD94C2 /* eventpoll.c */ = {isa = PBXFileReference; lastKnownFileType = sourcecode.c.c; path = eventpoll.c; sourceTree = "<group>"; };
		E4C7D75B4693F6F2E143FC87 /* RootViewController.swift */ = {isa = PBXFileReference; lastKnownFileType = sourcecode.swift; path = RootViewController.swift; sourceTree = "<group>"; };
		E91A0D78AAE93C3CDBF431F2 /* tty.h */ = {isa = PBXFileReference; lastKnownFileType = sourcecode.c.h; path = tty.h; sourceTree = "<group>"; };
		EA11EF3181F70B2C2CFB12A5 /* fdtable.c */ = {isa = PBXFileReference; lastKnownFileType = sourcecode.c.c; path = fdtable.c; sourceTree = "<group>"; };
		EA13B15CCD8B971FF43A0B0A /* ixland_kernel.h */ = {isa = PBXFileReference; lastKnownFileType = sourcecode.c.h; path = ixland_kernel.h; sourceTree = "<group>"; };
		F2536B690FDF4FD842DE8CCB /* resource.c */ = {isa = PBXFileReference; lastKnownFileType = sourcecode.c.c; path = resource.c; sourceTree = "<group>"; };
		F3878271ED051204AE43E2AB /* libIXLandSystem.a */ = {isa = PBXFileReference; includeInIndex = 0; lastKnownFileType = archive.ar; path = libIXLandSystem.a; sourceTree = BUILT_PRODUCTS_DIR; };
		FCE77BC34E9927EE0457902C /* IXLandUITests.xctest */ = {isa = PBXFileReference; includeInIndex = 0; lastKnownFileType = wrapper.cfbundle; path = IXLandUITests.xctest; sourceTree = BUILT_PRODUCTS_DIR; };
/* End PBXFileReference section */

/* Begin PBXFrameworksBuildPhase section */
		12A6A26A733B3A5871E986FB /* Frameworks */ = {
			isa = PBXFrameworksBuildPhase;
			buildActionMask = 2147483647;
			files = (
				43F89C48C6C20C54E6F7E6C3 /* libIXLandSystem.a in Frameworks */,
			);
			runOnlyForDeploymentPostprocessing = 0;
		};
		5CF932ED863AE44D7D63B31D /* Frameworks */ = {
			isa = PBXFrameworksBuildPhase;
			buildActionMask = 2147483647;
			files = (
				8277C470714016ADD4114C05 /* libIXLandSystem.a in Frameworks */,
			);
			runOnlyForDeploymentPostprocessing = 0;
		};
		F9184773794424C48CAC3E6B /* Frameworks */ = {
			isa = PBXFrameworksBuildPhase;
			buildActionMask = 2147483647;
			files = (
				F90A80A0AC506E1B24C45B83 /* libIXLandSystem.a in Frameworks */,
			);
			runOnlyForDeploymentPostprocessing = 0;
		};
/* End PBXFrameworksBuildPhase section */

/* Begin PBXGroup section */
		0144B58E7D73B2648B383873 /* Workspace */ = {
			isa = PBXGroup;
			children = (
			);
			path = Workspace;
			sourceTree = "<group>";
		};
		121BEE1235B5C71D287F4C93 /* Credentials */ = {
			isa = PBXGroup;
			children = (
			);
			path = Credentials;
			sourceTree = "<group>";
		};
		1255E443A5832661104E6664 = {
			isa = PBXGroup;
			children = (
				3C82424A9E30133A546DFE90 /* App */,
				121BEE1235B5C71D287F4C93 /* Credentials */,
				556196D43F91E17D4D625EBA /* FileAccess */,
				68BD244B71752FD57850AFF2 /* fs */,
				B2C4AD072186D55044879AAF /* IXLandSystemTests */,
				E7419E5331C26EB4962A5AED /* IXLandTests */,
				4108B08634D6331DED911C6A /* IXLandUITests */,
				64DD9F582F7A5E78CAFEB9B9 /* kernel */,
				FD813EAADD683B7AF03E8A1F /* Remote */,
				99A63B7883A03908A27B3392 /* SessionUI */,
				33A759A9460839278AC3AA12 /* Terminal */,
				0144B58E7D73B2648B383873 /* Workspace */,
				51CE820AFCA9C135C0C9ADBE /* Products */,
			);
			sourceTree = "<group>";
		};
		1CB1CB7452AE87076AA9B026 /* internal */ = {
			isa = PBXGroup;
			children = (
				EA13B15CCD8B971FF43A0B0A /* ixland_kernel.h */,
			);
			path = internal;
			sourceTree = "<group>";
		};
		33A759A9460839278AC3AA12 /* Terminal */ = {
			isa = PBXGroup;
			children = (
			);
			path = Terminal;
			sourceTree = "<group>";
		};
		3C82424A9E30133A546DFE90 /* App */ = {
			isa = PBXGroup;
			children = (
				50845BFC309AA35286E5AFCC /* AppDelegate.swift */,
				B8E065BBD339A95A93E9205B /* Info.plist */,
				E4C7D75B4693F6F2E143FC87 /* RootViewController.swift */,
				A4CD6536CF3896DD0F384346 /* SceneDelegate.swift */,
			);
			path = App;
			sourceTree = "<group>";
		};
		4108B08634D6331DED911C6A /* IXLandUITests */ = {
			isa = PBXGroup;
			children = (
				0A18BFE58A92DF337FC7994B /* IXLandUITests.swift */,
			);
			path = IXLandUITests;
			sourceTree = "<group>";
		};
		51CE820AFCA9C135C0C9ADBE /* Products */ = {
			isa = PBXGroup;
			children = (
				031FF2447718B52F38C30384 /* IXLand.app */,
				BEDEE61E8FB1427E701C2708 /* IXLandSystemTests.xctest */,
				232BFD5BD38B632B9C5DA0C0 /* IXLandTests.xctest */,
				FCE77BC34E9927EE0457902C /* IXLandUITests.xctest */,
				F3878271ED051204AE43E2AB /* libIXLandSystem.a */,
			);
			name = Products;
			sourceTree = "<group>";
		};
		556196D43F91E17D4D625EBA /* FileAccess */ = {
			isa = PBXGroup;
			children = (
			);
			path = FileAccess;
			sourceTree = "<group>";
		};
		64DD9F582F7A5E78CAFEB9B9 /* kernel */ = {
			isa = PBXGroup;
			children = (
				BE302EC4BDC89DA7ACB748D4 /* cred.c */,
				919ADCC86D2828A38148EA72 /* exit.c */,
				8486810F6A348DA0F1BC4E91 /* fork.c */,
				39D0E7EB0399137B3B50D873 /* init.c */,
				B28331F9DABC4C1CEEDE7D32 /* pid.c */,
				962A12C1A45FCF0C02E23CA4 /* random.c */,
				F2536B690FDF4FD842DE8CCB /* resource.c */,
				B73E7640C9F9C4BDD5A9F7B5 /* signal.c */,
				27FE7FE4E71ACFF1E760A547 /* signal.h */,
				96C02E30F44F3A72E72229AB /* sync.c */,
				44556F4C5BECBDBE6377E352 /* sys.c */,
				39A11F96348F62208030EEF3 /* task.c */,
				32D4FFC8983DA0D6A8C9628A /* task.h */,
				B1F213ACC372226515603E3E /* time.c */,
				A21109DC0D2ACB704553302F /* wait.c */,
				1CB1CB7452AE87076AA9B026 /* internal */,
				F634B6B99EFBB27C9D92D09B /* net */,
			);
			name = kernel;
			path = ../IXLandSystem/kernel;
			sourceTree = "<group>";
		};
		68BD244B71752FD57850AFF2 /* fs */ = {
			isa = PBXGroup;
			children = (
				1EAC7ACB98EB727176C5B538 /* dirent.h */,
				1685887BEDA66A2B04959DFA /* epoll_internal.h */,
				DEF1C0E5F008D90BE5CD94C2 /* eventpoll.c */,
				B55345CABBD955F9E9E4E2C2 /* exec.c */,
				BC2252789FD58321138BAB2E /* exec.h */,
				6CA497179BBFF3856EFDDFE8 /* fcntl.c */,
				EA11EF3181F70B2C2CFB12A5 /* fdtable.c */,
				66371195BB3D8E0FDAE0DE51 /* fdtable.h */,
				B9C479332C5F8D7836C1968A /* inode.c */,
				1537160035CAFE6A05C895D5 /* ioctl.c */,
				5B9784F614F1A70DBC46E153 /* mount.c */,
				B812082344F5AACC45E3177E /* namei.c */,
				2EB5C296DC3F9D5389F15A09 /* open.c */,
				D7324725B0824BC6D78E2B3E /* path.c */,
				93F7CB114D71FDD13A0471E6 /* path.h */,
				9F911920AC546E1C220120D0 /* read_write.c */,
				2ACFD3BD2FD3D333DD4D1B83 /* readdir.c */,
				113DEB509126159A9495EFEF /* select_internal.h */,
				CEE97E640F36E486E936D662 /* select.c */,
				A68A62288C88DB2973C4939F /* stat.c */,
				59F9BFEF6F420778F2F23D78 /* super.c */,
				45E11DC838F5A64391D07781 /* vfs.c */,
				102271590B924315DBFD9F36 /* vfs.h */,
				9F876A48508A69013024FE56 /* tty */,
			);
			name = fs;
			path = ../IXLandSystem/fs;
			sourceTree = "<group>";
		};
		99A63B7883A03908A27B3392 /* SessionUI */ = {
			isa = PBXGroup;
			children = (
			);
			path = SessionUI;
			sourceTree = "<group>";
		};
		9F876A48508A69013024FE56 /* tty */ = {
			isa = PBXGroup;
			children = (
				E91A0D78AAE93C3CDBF431F2 /* tty.h */,
			);
			path = tty;
			sourceTree = "<group>";
		};
		B2C4AD072186D55044879AAF /* IXLandSystemTests */ = {
			isa = PBXGroup;
			children = (
				B85D2EA7EB5A447B6D4FD289 /* IXLandSystemTests.m */,
			);
			path = IXLandSystemTests;
			sourceTree = "<group>";
		};
		E7419E5331C26EB4962A5AED /* IXLandTests */ = {
			isa = PBXGroup;
			children = (
				542202CB9503CD5EC3593755 /* IXLandTests.swift */,
			);
			path = IXLandTests;
			sourceTree = "<group>";
		};
		F634B6B99EFBB27C9D92D09B /* net */ = {
			isa = PBXGroup;
			children = (
				4A35A89E2CD3DD83F201314D /* network.c */,
			);
			path = net;
			sourceTree = "<group>";
		};
		FD813EAADD683B7AF03E8A1F /* Remote */ = {
			isa = PBXGroup;
			children = (
			);
			path = Remote;
			sourceTree = "<group>";
		};
/* End PBXGroup section */

/* Begin PBXNativeTarget section */
		50BEDF360474886C1DEABD6B /* IXLand */ = {
			isa = PBXNativeTarget;
			buildConfigurationList = DA535478BB96E728F5BF10F9 /* Build configuration list for PBXNativeTarget "IXLand" */;
			buildPhases = (
				9CA0A0F04CEFC1893633AD3B /* Sources */,
				F9184773794424C48CAC3E6B /* Frameworks */,
			);
			buildRules = (
			);
			dependencies = (
				868C7BF69876A22612C74CB0 /* PBXTargetDependency */,
			);
			name = IXLand;
			packageProductDependencies = (
			);
			productName = IXLand;
			productReference = 031FF2447718B52F38C30384 /* IXLand.app */;
			productType = "com.apple.product-type.application";
		};
		85703D9E88D0C681D2F5E677 /* IXLandTests */ = {
			isa = PBXNativeTarget;
			buildConfigurationList = F0272410E6A9C84C1C41AEBA /* Build configuration list for PBXNativeTarget "IXLandTests" */;
			buildPhases = (
				52CF2BAEAF0CD10C99AB9333 /* Sources */,
				12A6A26A733B3A5871E986FB /* Frameworks */,
			);
			buildRules = (
			);
			dependencies = (
				0F0A8844B85C131CF9308F15 /* PBXTargetDependency */,
				5561555E2388027501A229AB /* PBXTargetDependency */,
			);
			name = IXLandTests;
			packageProductDependencies = (
			);
			productName = IXLandTests;
			productReference = 232BFD5BD38B632B9C5DA0C0 /* IXLandTests.xctest */;
			productType = "com.apple.product-type.bundle.unit-test";
		};
		DCDFCFEB2288D6DE1706A8D2 /* IXLandSystem */ = {
			isa = PBXNativeTarget;
			buildConfigurationList = 57FFBCA9F026436DF62EA152 /* Build configuration list for PBXNativeTarget "IXLandSystem" */;
			buildPhases = (
				A571336FCBA21E7B2FB5C044 /* CopyFiles */,
				C650BB5BD427649EDFEDE24C /* Sources */,
			);
			buildRules = (
			);
			dependencies = (
			);
			name = IXLandSystem;
			packageProductDependencies = (
			);
			productName = IXLandSystem;
			productReference = F3878271ED051204AE43E2AB /* libIXLandSystem.a */;
			productType = "com.apple.product-type.library.static";
		};
		E4B5966F027FB58EF838AF32 /* IXLandSystemTests */ = {
			isa = PBXNativeTarget;
			buildConfigurationList = 604FF6FF9839098E3F3D371F /* Build configuration list for PBXNativeTarget "IXLandSystemTests" */;
			buildPhases = (
				94B18635356F454CA26B5270 /* Sources */,
				5CF932ED863AE44D7D63B31D /* Frameworks */,
			);
			buildRules = (
			);
			dependencies = (
				A78D6FC6506D1BE4E092BA7E /* PBXTargetDependency */,
			);
			name = IXLandSystemTests;
			packageProductDependencies = (
			);
			productName = IXLandSystemTests;
			productReference = BEDEE61E8FB1427E701C2708 /* IXLandSystemTests.xctest */;
			productType = "com.apple.product-type.bundle.unit-test";
		};
		EB151D9CD112862BDC133377 /* IXLandUITests */ = {
			isa = PBXNativeTarget;
			buildConfigurationList = F56B350B4AD04A5EE6C0447A /* Build configuration list for PBXNativeTarget "IXLandUITests" */;
			buildPhases = (
				FE2A06336FD086E86B02DEDA /* Sources */,
			);
			buildRules = (
			);
			dependencies = (
				8D3B3F48EE7033DE93CF2B03 /* PBXTargetDependency */,
			);
			name = IXLandUITests;
			packageProductDependencies = (
			);
			productName = IXLandUITests;
			productReference = FCE77BC34E9927EE0457902C /* IXLandUITests.xctest */;
			productType = "com.apple.product-type.bundle.ui-testing";
		};
/* End PBXNativeTarget section */

/* Begin PBXProject section */
		A2F6030825E783FA19A7CB4C /* Project object */ = {
			isa = PBXProject;
			attributes = {
				BuildIndependentTargetsInParallel = YES;
				LastUpgradeCheck = 1430;
				TargetAttributes = {
					EB151D9CD112862BDC133377 = {
						TestTargetID = 50BEDF360474886C1DEABD6B;
					};
				};
			};
			buildConfigurationList = 09F36BE9435DA985CB5671B0 /* Build configuration list for PBXProject "IXLand" */;
			developmentRegion = en;
			hasScannedForEncodings = 0;
			knownRegions = (
				Base,
				en,
			);
			mainGroup = 1255E443A5832661104E6664;
			minimizedProjectReferenceProxies = 1;
			preferredProjectObjectVersion = 77;
			productRefGroup = 51CE820AFCA9C135C0C9ADBE /* Products */;
			projectDirPath = "";
			projectRoot = "";
			targets = (
				50BEDF360474886C1DEABD6B /* IXLand */,
				DCDFCFEB2288D6DE1706A8D2 /* IXLandSystem */,
				E4B5966F027FB58EF838AF32 /* IXLandSystemTests */,
				85703D9E88D0C681D2F5E677 /* IXLandTests */,
				EB151D9CD112862BDC133377 /* IXLandUITests */,
			);
		};
/* End PBXProject section */

/* Begin PBXSourcesBuildPhase section */
		52CF2BAEAF0CD10C99AB9333 /* Sources */ = {
			isa = PBXSourcesBuildPhase;
			buildActionMask = 2147483647;
			files = (
				FA92FC4384E89E1FF129F3B1 /* IXLandTests.swift in Sources */,
			);
			runOnlyForDeploymentPostprocessing = 0;
		};
		94B18635356F454CA26B5270 /* Sources */ = {
			isa = PBXSourcesBuildPhase;
			buildActionMask = 2147483647;
			files = (
				EFADC2997D1FC8D5B484FD5F /* IXLandSystemTests.m in Sources */,
			);
			runOnlyForDeploymentPostprocessing = 0;
		};
		9CA0A0F04CEFC1893633AD3B /* Sources */ = {
			isa = PBXSourcesBuildPhase;
			buildActionMask = 2147483647;
			files = (
				6312B4B91B6BB7FE4EE36C0C /* AppDelegate.swift in Sources */,
				E39AB4FFE36A9CAFF5DA04FA /* RootViewController.swift in Sources */,
				E02BB24CA6E26C0A393E1E24 /* SceneDelegate.swift in Sources */,
			);
			runOnlyForDeploymentPostprocessing = 0;
		};
		C650BB5BD427649EDFEDE24C /* Sources */ = {
			isa = PBXSourcesBuildPhase;
			buildActionMask = 2147483647;
			files = (
				484A91628F12500D555C20FC /* cred.c in Sources */,
				5926C46A71AD192DAA2C05B4 /* eventpoll.c in Sources */,
				BDDB93AFDF312ED9D892C7F0 /* exec.c in Sources */,
				8F406B9AC063F66042B54C7B /* exit.c in Sources */,
				7D722136EBC807841D267D4D /* fcntl.c in Sources */,
				D7B85905284740894C84295B /* fdtable.c in Sources */,
				6C08F7B16A7DB8C4CB46CB86 /* fork.c in Sources */,
				0D84EAF38DA6A8E508BE0C49 /* init.c in Sources */,
				34D09CEB0D46870E1B0A6136 /* inode.c in Sources */,
				ED636B3B410014A1370DC65D /* ioctl.c in Sources */,
				BE5D9794D3389CE4D54C8336 /* mount.c in Sources */,
				0DF0ACBEEAE47B59A530901E /* namei.c in Sources */,
				E1F7FC96D83F4051871FDAE6 /* network.c in Sources */,
				4BCC9A0DDE7FB396E0B7F809 /* open.c in Sources */,
				5D96F1E42DF816F6C49071F1 /* path.c in Sources */,
				1C1BD491A46C871CF63395E6 /* pid.c in Sources */,
				77EBE7AEB5BEBEB466456D54 /* random.c in Sources */,
				43340CB35CF438AD27AB24E4 /* read_write.c in Sources */,
				519E6CA4DC32E21EADE702C2 /* readdir.c in Sources */,
				444BA07490D7B717AD16E273 /* resource.c in Sources */,
				090775F4DCD3AAA54E46E7BE /* select.c in Sources */,
				C6E39EDC909BAD6DDD0F05C3 /* signal.c in Sources */,
				56BC1DE2626D5BFA4A803570 /* stat.c in Sources */,
				39F6EA92D3700C5C96EED02C /* super.c in Sources */,
				A04723CF686AF9E479684D08 /* sync.c in Sources */,
				1839CD7C5177EF28A50F50A4 /* sys.c in Sources */,
				FD5C37C0C76628210635C357 /* task.c in Sources */,
				DE52DC66FD87C416FF794321 /* time.c in Sources */,
				99B5DCE348B38295B3379F78 /* vfs.c in Sources */,
				F097392AC198F4771EC53541 /* wait.c in Sources */,
			);
			runOnlyForDeploymentPostprocessing = 0;
		};
		FE2A06336FD086E86B02DEDA /* Sources */ = {
			isa = PBXSourcesBuildPhase;
			buildActionMask = 2147483647;
			files = (
				68CFEE0D8D1FF3EF68544671 /* IXLandUITests.swift in Sources */,
			);
			runOnlyForDeploymentPostprocessing = 0;
		};
/* End PBXSourcesBuildPhase section */

/* Begin PBXTargetDependency section */
		0F0A8844B85C131CF9308F15 /* PBXTargetDependency */ = {
			isa = PBXTargetDependency;
			target = 50BEDF360474886C1DEABD6B /* IXLand */;
			targetProxy = 137AE85948A06CE38F29F486 /* PBXContainerItemProxy */;
		};
		5561555E2388027501A229AB /* PBXTargetDependency */ = {
			isa = PBXTargetDependency;
			target = DCDFCFEB2288D6DE1706A8D2 /* IXLandSystem */;
			targetProxy = 1C11C15A7DB8E2E1A4D0072D /* PBXContainerItemProxy */;
		};
		868C7BF69876A22612C74CB0 /* PBXTargetDependency */ = {
			isa = PBXTargetDependency;
			target = DCDFCFEB2288D6DE1706A8D2 /* IXLandSystem */;
			targetProxy = 835CF5AF199AF5965C4F6DBC /* PBXContainerItemProxy */;
		};
		8D3B3F48EE7033DE93CF2B03 /* PBXTargetDependency */ = {
			isa = PBXTargetDependency;
			target = 50BEDF360474886C1DEABD6B /* IXLand */;
			targetProxy = 40A510E8E2C7FFD78A84552C /* PBXContainerItemProxy */;
		};
		A78D6FC6506D1BE4E092BA7E /* PBXTargetDependency */ = {
			isa = PBXTargetDependency;
			target = DCDFCFEB2288D6DE1706A8D2 /* IXLandSystem */;
			targetProxy = 5EBD48C173C68BA418365970 /* PBXContainerItemProxy */;
		};
/* End PBXTargetDependency section */

/* Begin XCBuildConfiguration section */
		1EB54CFAC3687EE84DE3334F /* Debug */ = {
			isa = XCBuildConfiguration;
			buildSettings = {
				BUNDLE_LOADER = "$(TEST_HOST)";
				GENERATE_INFOPLIST_FILE = YES;
				HEADER_SEARCH_PATHS = (
					"$(SRCROOT)/../IXLandSystem/include",
					"$(SRCROOT)/../IXLandSystem",
				);
				IPHONEOS_DEPLOYMENT_TARGET = 16.0;
				LD_RUNPATH_SEARCH_PATHS = (
					"$(inherited)",
					"@executable_path/Frameworks",
					"@loader_path/Frameworks",
				);
				OTHER_LDFLAGS = (
					"$(inherited)",
					"-ObjC",
				);
				PRODUCT_BUNDLE_IDENTIFIER = com.ixland.systemtests;
				PRODUCT_NAME = IXLandSystemTests;
				SDKROOT = iphoneos;
				TARGETED_DEVICE_FAMILY = "1,2";
			};
			name = Debug;
		};
		377144C7AD39742C2FB1E159 /* Debug */ = {
			isa = XCBuildConfiguration;
			buildSettings = {
				HEADER_SEARCH_PATHS = (
					"$(SRCROOT)/../IXLandSystem/include",
					"$(SRCROOT)/../IXLandSystem",
				);
				IPHONEOS_DEPLOYMENT_TARGET = 16.0;
				LD_RUNPATH_SEARCH_PATHS = (
					"$(inherited)",
					"@executable_path/Frameworks",
				);
				OTHER_CFLAGS = "-std=gnu11";
				PRODUCT_NAME = IXLandSystem;
				SDKROOT = iphoneos;
				SKIP_INSTALL = YES;
				TARGETED_DEVICE_FAMILY = "1,2";
			};
			name = Debug;
		};
		55F0ACF5E52F250383D83AA2 /* Debug */ = {
			isa = XCBuildConfiguration;
			buildSettings = {
				BUNDLE_LOADER = "$(TEST_HOST)";
				GENERATE_INFOPLIST_FILE = YES;
				IPHONEOS_DEPLOYMENT_TARGET = 16.0;
				LD_RUNPATH_SEARCH_PATHS = (
					"$(inherited)",
					"@executable_path/Frameworks",
					"@loader_path/Frameworks",
				);
				PRODUCT_BUNDLE_IDENTIFIER = com.ixland.uitests;
				SDKROOT = iphoneos;
				TARGETED_DEVICE_FAMILY = "1,2";
				TEST_TARGET_NAME = IXLand;
			};
			name = Debug;
		};
		68119267ABD71C9D1E58C5F8 /* Release */ = {
			isa = XCBuildConfiguration;
			buildSettings = {
				BUNDLE_LOADER = "$(TEST_HOST)";
				GENERATE_INFOPLIST_FILE = YES;
				HEADER_SEARCH_PATHS = (
					"$(SRCROOT)/../IXLandSystem/include",
					"$(SRCROOT)/../IXLandSystem",
				);
				IPHONEOS_DEPLOYMENT_TARGET = 16.0;
				LD_RUNPATH_SEARCH_PATHS = (
					"$(inherited)",
					"@executable_path/Frameworks",
					"@loader_path/Frameworks",
				);
				OTHER_LDFLAGS = (
					"$(inherited)",
					"-ObjC",
				);
				PRODUCT_BUNDLE_IDENTIFIER = com.ixland.systemtests;
				PRODUCT_NAME = IXLandSystemTests;
				SDKROOT = iphoneos;
				TARGETED_DEVICE_FAMILY = "1,2";
			};
			name = Release;
		};
		6BD5A302C8BFF59392A4A0FA /* Debug */ = {
			isa = XCBuildConfiguration;
			buildSettings = {
				BUNDLE_LOADER = "$(TEST_HOST)";
				GENERATE_INFOPLIST_FILE = YES;
				IPHONEOS_DEPLOYMENT_TARGET = 16.0;
				LD_RUNPATH_SEARCH_PATHS = (
					"$(inherited)",
					"@executable_path/Frameworks",
					"@loader_path/Frameworks",
				);
				OTHER_LDFLAGS = (
					"$(inherited)",
					"-ObjC",
				);
				PRODUCT_BUNDLE_IDENTIFIER = com.ixland.tests;
				SDKROOT = iphoneos;
				TARGETED_DEVICE_FAMILY = "1,2";
				TEST_HOST = "$(BUILT_PRODUCTS_DIR)/IXLand.app/IXLand";
			};
			name = Debug;
		};
		87C2C84CE3954E1AFEBF51AC /* Release */ = {
			isa = XCBuildConfiguration;
			buildSettings = {
				HEADER_SEARCH_PATHS = (
					"$(SRCROOT)/../IXLandSystem/include",
					"$(SRCROOT)/../IXLandSystem",
				);
				IPHONEOS_DEPLOYMENT_TARGET = 16.0;
				LD_RUNPATH_SEARCH_PATHS = (
					"$(inherited)",
					"@executable_path/Frameworks",
				);
				OTHER_CFLAGS = "-std=gnu11";
				PRODUCT_NAME = IXLandSystem;
				SDKROOT = iphoneos;
				SKIP_INSTALL = YES;
				TARGETED_DEVICE_FAMILY = "1,2";
			};
			name = Release;
		};
		91A069A25F3B57851F3E9052 /* Release */ = {
			isa = XCBuildConfiguration;
			buildSettings = {
				ALWAYS_SEARCH_USER_PATHS = NO;
				CLANG_ANALYZER_NONNULL = YES;
				CLANG_ANALYZER_NUMBER_OBJECT_CONVERSION = YES_AGGRESSIVE;
				CLANG_CXX_LANGUAGE_STANDARD = "gnu++14";
				CLANG_CXX_LIBRARY = "libc++";
				CLANG_ENABLE_MODULES = YES;
				CLANG_ENABLE_OBJC_ARC = YES;
				CLANG_ENABLE_OBJC_WEAK = YES;
				CLANG_WARN_BLOCK_CAPTURE_AUTORELEASING = YES;
				CLANG_WARN_BOOL_CONVERSION = YES;
				CLANG_WARN_COMMA = YES;
				CLANG_WARN_CONSTANT_CONVERSION = YES;
				CLANG_WARN_DEPRECATED_OBJC_IMPLEMENTATIONS = YES;
				CLANG_WARN_DIRECT_OBJC_ISA_USAGE = YES_ERROR;
				CLANG_WARN_DOCUMENTATION_COMMENTS = YES;
				CLANG_WARN_EMPTY_BODY = YES;
				CLANG_WARN_ENUM_CONVERSION = YES;
				CLANG_WARN_INFINITE_RECURSION = YES;
				CLANG_WARN_INT_CONVERSION = YES;
				CLANG_WARN_NON_LITERAL_NULL_CONVERSION = YES;
				CLANG_WARN_OBJC_IMPLICIT_RETAIN_SELF = YES;
				CLANG_WARN_OBJC_LITERAL_CONVERSION = YES;
				CLANG_WARN_OBJC_ROOT_CLASS = YES_ERROR;
				CLANG_WARN_QUOTED_INCLUDE_IN_FRAMEWORK_HEADER = YES;
				CLANG_WARN_RANGE_LOOP_ANALYSIS = YES;
				CLANG_WARN_STRICT_PROTOTYPES = YES;
				CLANG_WARN_SUSPICIOUS_MOVE = YES;
				CLANG_WARN_UNGUARDED_AVAILABILITY = YES_AGGRESSIVE;
				CLANG_WARN_UNREACHABLE_CODE = YES;
				CLANG_WARN__DUPLICATE_METHOD_MATCH = YES;
				COPY_PHASE_STRIP = NO;
				DEBUG_INFORMATION_FORMAT = "dwarf-with-dsym";
				ENABLE_NS_ASSERTIONS = NO;
				ENABLE_STRICT_OBJC_MSGSEND = YES;
				GCC_C_LANGUAGE_STANDARD = gnu11;
				GCC_NO_COMMON_BLOCKS = YES;
				GCC_WARN_64_TO_32_BIT_CONVERSION = YES;
				GCC_WARN_ABOUT_RETURN_TYPE = YES_ERROR;
				GCC_WARN_UNDECLARED_SELECTOR = YES;
				GCC_WARN_UNINITIALIZED_AUTOS = YES_AGGRESSIVE;
				GCC_WARN_UNUSED_FUNCTION = YES;
				GCC_WARN_UNUSED_VARIABLE = YES;
				MTL_ENABLE_DEBUG_INFO = NO;
				MTL_FAST_MATH = YES;
				PRODUCT_NAME = "$(TARGET_NAME)";
				SDKROOT = iphoneos;
				SWIFT_COMPILATION_MODE = wholemodule;
				SWIFT_OPTIMIZATION_LEVEL = "-O";
				SWIFT_VERSION = 5.0;
			};
			name = Release;
		};
		9403A096E7F1EE6B9D1CC02E /* Release */ = {
			isa = XCBuildConfiguration;
			buildSettings = {
				BUNDLE_LOADER = "$(TEST_HOST)";
				GENERATE_INFOPLIST_FILE = YES;
				IPHONEOS_DEPLOYMENT_TARGET = 16.0;
				LD_RUNPATH_SEARCH_PATHS = (
					"$(inherited)",
					"@executable_path/Frameworks",
					"@loader_path/Frameworks",
				);
				OTHER_LDFLAGS = (
					"$(inherited)",
					"-ObjC",
				);
				PRODUCT_BUNDLE_IDENTIFIER = com.ixland.tests;
				SDKROOT = iphoneos;
				TARGETED_DEVICE_FAMILY = "1,2";
				TEST_HOST = "$(BUILT_PRODUCTS_DIR)/IXLand.app/IXLand";
			};
			name = Release;
		};
		AE4C258253CEF18144878F01 /* Release */ = {
			isa = XCBuildConfiguration;
			buildSettings = {
				ASSETCATALOG_COMPILER_APPICON_NAME = AppIcon;
				CODE_SIGN_IDENTITY = "iPhone Developer";
				HEADER_SEARCH_PATHS = (
					"$(SRCROOT)/../IXLandSystem/include",
				);
				INFOPLIST_FILE = App/Info.plist;
				IPHONEOS_DEPLOYMENT_TARGET = 16.0;
				LD_RUNPATH_SEARCH_PATHS = (
					"$(inherited)",
					"@executable_path/Frameworks",
				);
				OTHER_LDFLAGS = (
					"$(inherited)",
					"-ObjC",
				);
				PRODUCT_BUNDLE_IDENTIFIER = com.ixland.app;
				SDKROOT = iphoneos;
				TARGETED_DEVICE_FAMILY = "1,2";
			};
			name = Release;
		};
		B0CF1044CD75D49BB218C271 /* Release */ = {
			isa = XCBuildConfiguration;
			buildSettings = {
				BUNDLE_LOADER = "$(TEST_HOST)";
				GENERATE_INFOPLIST_FILE = YES;
				IPHONEOS_DEPLOYMENT_TARGET = 16.0;
				LD_RUNPATH_SEARCH_PATHS = (
					"$(inherited)",
					"@executable_path/Frameworks",
					"@loader_path/Frameworks",
				);
				PRODUCT_BUNDLE_IDENTIFIER = com.ixland.uitests;
				SDKROOT = iphoneos;
				TARGETED_DEVICE_FAMILY = "1,2";
				TEST_TARGET_NAME = IXLand;
			};
			name = Release;
		};
		BA65A2B826CC08BCC4AF115E /* Debug */ = {
			isa = XCBuildConfiguration;
			buildSettings = {
				ALWAYS_SEARCH_USER_PATHS = NO;
				CLANG_ANALYZER_NONNULL = YES;
				CLANG_ANALYZER_NUMBER_OBJECT_CONVERSION = YES_AGGRESSIVE;
				CLANG_CXX_LANGUAGE_STANDARD = "gnu++14";
				CLANG_CXX_LIBRARY = "libc++";
				CLANG_ENABLE_MODULES = YES;
				CLANG_ENABLE_OBJC_ARC = YES;
				CLANG_ENABLE_OBJC_WEAK = YES;
				CLANG_WARN_BLOCK_CAPTURE_AUTORELEASING = YES;
				CLANG_WARN_BOOL_CONVERSION = YES;
				CLANG_WARN_COMMA = YES;
				CLANG_WARN_CONSTANT_CONVERSION = YES;
				CLANG_WARN_DEPRECATED_OBJC_IMPLEMENTATIONS = YES;
				CLANG_WARN_DIRECT_OBJC_ISA_USAGE = YES_ERROR;
				CLANG_WARN_DOCUMENTATION_COMMENTS = YES;
				CLANG_WARN_EMPTY_BODY = YES;
				CLANG_WARN_ENUM_CONVERSION = YES;
				CLANG_WARN_INFINITE_RECURSION = YES;
				CLANG_WARN_INT_CONVERSION = YES;
				CLANG_WARN_NON_LITERAL_NULL_CONVERSION = YES;
				CLANG_WARN_OBJC_IMPLICIT_RETAIN_SELF = YES;
				CLANG_WARN_OBJC_LITERAL_CONVERSION = YES;
				CLANG_WARN_OBJC_ROOT_CLASS = YES_ERROR;
				CLANG_WARN_QUOTED_INCLUDE_IN_FRAMEWORK_HEADER = YES;
				CLANG_WARN_RANGE_LOOP_ANALYSIS = YES;
				CLANG_WARN_STRICT_PROTOTYPES = YES;
				CLANG_WARN_SUSPICIOUS_MOVE = YES;
				CLANG_WARN_UNGUARDED_AVAILABILITY = YES_AGGRESSIVE;
				CLANG_WARN_UNREACHABLE_CODE = YES;
				CLANG_WARN__DUPLICATE_METHOD_MATCH = YES;
				COPY_PHASE_STRIP = NO;
				DEBUG_INFORMATION_FORMAT = dwarf;
				ENABLE_STRICT_OBJC_MSGSEND = YES;
				ENABLE_TESTABILITY = YES;
				GCC_C_LANGUAGE_STANDARD = gnu11;
				GCC_DYNAMIC_NO_PIC = NO;
				GCC_NO_COMMON_BLOCKS = YES;
				GCC_OPTIMIZATION_LEVEL = 0;
				GCC_PREPROCESSOR_DEFINITIONS = (
					"$(inherited)",
					"DEBUG=1",
				);
				GCC_WARN_64_TO_32_BIT_CONVERSION = YES;
				GCC_WARN_ABOUT_RETURN_TYPE = YES_ERROR;
				GCC_WARN_UNDECLARED_SELECTOR = YES;
				GCC_WARN_UNINITIALIZED_AUTOS = YES_AGGRESSIVE;
				GCC_WARN_UNUSED_FUNCTION = YES;
				GCC_WARN_UNUSED_VARIABLE = YES;
				MTL_ENABLE_DEBUG_INFO = INCLUDE_SOURCE;
				MTL_FAST_MATH = YES;
				ONLY_ACTIVE_ARCH = YES;
				PRODUCT_NAME = "$(TARGET_NAME)";
				SDKROOT = iphoneos;
				SWIFT_ACTIVE_COMPILATION_CONDITIONS = DEBUG;
				SWIFT_OPTIMIZATION_LEVEL = "-Onone";
				SWIFT_VERSION = 5.0;
			};
			name = Debug;
		};
		E6E409A9C34673248825B09C /* Debug */ = {
			isa = XCBuildConfiguration;
			buildSettings = {
				ASSETCATALOG_COMPILER_APPICON_NAME = AppIcon;
				CODE_SIGN_IDENTITY = "iPhone Developer";
				HEADER_SEARCH_PATHS = (
					"$(SRCROOT)/../IXLandSystem/include",
				);
				INFOPLIST_FILE = App/Info.plist;
				IPHONEOS_DEPLOYMENT_TARGET = 16.0;
				LD_RUNPATH_SEARCH_PATHS = (
					"$(inherited)",
					"@executable_path/Frameworks",
				);
				OTHER_LDFLAGS = (
					"$(inherited)",
					"-ObjC",
				);
				PRODUCT_BUNDLE_IDENTIFIER = com.ixland.app;
				SDKROOT = iphoneos;
				TARGETED_DEVICE_FAMILY = "1,2";
			};
			name = Debug;
		};
/* End XCBuildConfiguration section */

/* Begin XCConfigurationList section */
		09F36BE9435DA985CB5671B0 /* Build configuration list for PBXProject "IXLand" */ = {
			isa = XCConfigurationList;
			buildConfigurations = (
				BA65A2B826CC08BCC4AF115E /* Debug */,
				91A069A25F3B57851F3E9052 /* Release */,
			);
			defaultConfigurationIsVisible = 0;
			defaultConfigurationName = Debug;
		};
		57FFBCA9F026436DF62EA152 /* Build configuration list for PBXNativeTarget "IXLandSystem" */ = {
			isa = XCConfigurationList;
			buildConfigurations = (
				377144C7AD39742C2FB1E159 /* Debug */,
				87C2C84CE3954E1AFEBF51AC /* Release */,
			);
			defaultConfigurationIsVisible = 0;
			defaultConfigurationName = Debug;
		};
		604FF6FF9839098E3F3D371F /* Build configuration list for PBXNativeTarget "IXLandSystemTests" */ = {
			isa = XCConfigurationList;
			buildConfigurations = (
				1EB54CFAC3687EE84DE3334F /* Debug */,
				68119267ABD71C9D1E58C5F8 /* Release */,
			);
			defaultConfigurationIsVisible = 0;
			defaultConfigurationName = Debug;
		};
		DA535478BB96E728F5BF10F9 /* Build configuration list for PBXNativeTarget "IXLand" */ = {
			isa = XCConfigurationList;
			buildConfigurations = (
				E6E409A9C34673248825B09C /* Debug */,
				AE4C258253CEF18144878F01 /* Release */,
			);
			defaultConfigurationIsVisible = 0;
			defaultConfigurationName = Debug;
		};
		F0272410E6A9C84C1C41AEBA /* Build configuration list for PBXNativeTarget "IXLandTests" */ = {
			isa = XCConfigurationList;
			buildConfigurations = (
				6BD5A302C8BFF59392A4A0FA /* Debug */,
				9403A096E7F1EE6B9D1CC02E /* Release */,
			);
			defaultConfigurationIsVisible = 0;
			defaultConfigurationName = Debug;
		};
		F56B350B4AD04A5EE6C0447A /* Build configuration list for PBXNativeTarget "IXLandUITests" */ = {
			isa = XCConfigurationList;
			buildConfigurations = (
				55F0ACF5E52F250383D83AA2 /* Debug */,
				B0CF1044CD75D49BB218C271 /* Release */,
			);
			defaultConfigurationIsVisible = 0;
			defaultConfigurationName = Debug;
		};
/* End XCConfigurationList section */
	};
	rootObject = A2F6030825E783FA19A7CB4C /* Project object */;
}
