// !$*UTF8*$!
{
	archiveVersion = 1;
	classes = {
	};
	objectVersion = 77;
	objects = {

/* Begin PBXBuildFile section */
		6312B4B91B6BB7FE4EE36C0C /* AppDelegate.swift in Sources */ = {isa = PBXBuildFile; fileRef = 50845BFC309AA35286E5AFCC /* AppDelegate.swift */; };
		68CFEE0D8D1FF3EF68544671 /* IXLandUITests.swift in Sources */ = {isa = PBXBuildFile; fileRef = 0A18BFE58A92DF337FC7994B /* IXLandUITests.swift */; };
		E02BB24CA6E26C0A393E1E24 /* SceneDelegate.swift in Sources */ = {isa = PBXBuildFile; fileRef = A4CD6536CF3896DD0F384346 /* SceneDelegate.swift */; };
		E39AB4FFE36A9CAFF5DA04FA /* RootViewController.swift in Sources */ = {isa = PBXBuildFile; fileRef = E4C7D75B4693F6F2E143FC87 /* RootViewController.swift */; };
		FA92FC4384E89E1FF129F3B1 /* IXLandTests.swift in Sources */ = {isa = PBXBuildFile; fileRef = 542202CB9503CD5EC3593755 /* IXLandTests.swift */; };
/* End PBXBuildFile section */

/* Begin PBXContainerItemProxy section */
		137AE85948A06CE38F29F486 /* PBXContainerItemProxy */ = {
			isa = PBXContainerItemProxy;
			containerPortal = A2F6030825E783FA19A7CB4C /* Project object */;
			proxyType = 1;
			remoteGlobalIDString = 50BEDF360474886C1DEABD6B;
			remoteInfo = IXLand;
		};
		40A510E8E2C7FFD78A84552C /* PBXContainerItemProxy */ = {
			isa = PBXContainerItemProxy;
			containerPortal = A2F6030825E783FA19A7CB4C /* Project object */;
			proxyType = 1;
			remoteGlobalIDString = 50BEDF360474886C1DEABD6B;
			remoteInfo = IXLand;
		};
/* End PBXContainerItemProxy section */

/* Begin PBXFileReference section */
		031FF2447718B52F38C30384 /* IXLand.app */ = {isa = PBXFileReference; includeInIndex = 0; lastKnownFileType = wrapper.application; path = IXLand.app; sourceTree = BUILT_PRODUCTS_DIR; };
		0A18BFE58A92DF337FC7994B /* IXLandUITests.swift */ = {isa = PBXFileReference; lastKnownFileType = sourcecode.swift; path = IXLandUITests.swift; sourceTree = "<group>"; };
		232BFD5BD38B632B9C5DA0C0 /* IXLandTests.xctest */ = {isa = PBXFileReference; includeInIndex = 0; lastKnownFileType = wrapper.cfbundle; path = IXLandTests.xctest; sourceTree = BUILT_PRODUCTS_DIR; };
		50845BFC309AA35286E5AFCC /* AppDelegate.swift */ = {isa = PBXFileReference; lastKnownFileType = sourcecode.swift; path = AppDelegate.swift; sourceTree = "<group>"; };
		542202CB9503CD5EC3593755 /* IXLandTests.swift */ = {isa = PBXFileReference; lastKnownFileType = sourcecode.swift; path = IXLandTests.swift; sourceTree = "<group>"; };
		A4CD6536CF3896DD0F384346 /* SceneDelegate.swift */ = {isa = PBXFileReference; lastKnownFileType = sourcecode.swift; path = SceneDelegate.swift; sourceTree = "<group>"; };
		B8E065BBD339A95A93E9205B /* Info.plist */ = {isa = PBXFileReference; lastKnownFileType = text.plist; path = Info.plist; sourceTree = "<group>"; };
		E4C7D75B4693F6F2E143FC87 /* RootViewController.swift */ = {isa = PBXFileReference; lastKnownFileType = sourcecode.swift; path = RootViewController.swift; sourceTree = "<group>"; };
		FCE77BC34E9927EE0457902C /* IXLandUITests.xctest */ = {isa = PBXFileReference; includeInIndex = 0; lastKnownFileType = wrapper.cfbundle; path = IXLandUITests.xctest; sourceTree = BUILT_PRODUCTS_DIR; };
/* End PBXFileReference section */

/* Begin PBXGroup section */
		0144B58E7D73B2648B383873 /* Workspace */ = {
			isa = PBXGroup;
			children = (
			);
			path = Workspace;
			sourceTree = "<group>";
		};
		121BEE1235B5C71D287F4C93 /* Credentials */ = {
			isa = PBXGroup;
			children = (
			);
			path = Credentials;
			sourceTree = "<group>";
		};
		1255E443A5832661104E6664 = {
			isa = PBXGroup;
			children = (
				3C82424A9E30133A546DFE90 /* App */,
				121BEE1235B5C71D287F4C93 /* Credentials */,
				556196D43F91E17D4D625EBA /* FileAccess */,
				E7419E5331C26EB4962A5AED /* IXLandTests */,
				4108B08634D6331DED911C6A /* IXLandUITests */,
				FD813EAADD683B7AF03E8A1F /* Remote */,
				99A63B7883A03908A27B3392 /* SessionUI */,
				33A759A9460839278AC3AA12 /* Terminal */,
				0144B58E7D73B2648B383873 /* Workspace */,
				51CE820AFCA9C135C0C9ADBE /* Products */,
			);
			sourceTree = "<group>";
		};
		33A759A9460839278AC3AA12 /* Terminal */ = {
			isa = PBXGroup;
			children = (
			);
			path = Terminal;
			sourceTree = "<group>";
		};
		3C82424A9E30133A546DFE90 /* App */ = {
			isa = PBXGroup;
			children = (
				50845BFC309AA35286E5AFCC /* AppDelegate.swift */,
				B8E065BBD339A95A93E9205B /* Info.plist */,
				E4C7D75B4693F6F2E143FC87 /* RootViewController.swift */,
				A4CD6536CF3896DD0F384346 /* SceneDelegate.swift */,
			);
			path = App;
			sourceTree = "<group>";
		};
		4108B08634D6331DED911C6A /* IXLandUITests */ = {
			isa = PBXGroup;
			children = (
				0A18BFE58A92DF337FC7994B /* IXLandUITests.swift */,
			);
			path = IXLandUITests;
			sourceTree = "<group>";
		};
		51CE820AFCA9C135C0C9ADBE /* Products */ = {
			isa = PBXGroup;
			children = (
				031FF2447718B52F38C30384 /* IXLand.app */,
				232BFD5BD38B632B9C5DA0C0 /* IXLandTests.xctest */,
				FCE77BC34E9927EE0457902C /* IXLandUITests.xctest */,
			);
			name = Products;
			sourceTree = "<group>";
		};
		556196D43F91E17D4D625EBA /* FileAccess */ = {
			isa = PBXGroup;
			children = (
			);
			path = FileAccess;
			sourceTree = "<group>";
		};
		99A63B7883A03908A27B3392 /* SessionUI */ = {
			isa = PBXGroup;
			children = (
			);
			path = SessionUI;
			sourceTree = "<group>";
		};
		E7419E5331C26EB4962A5AED /* IXLandTests */ = {
			isa = PBXGroup;
			children = (
				542202CB9503CD5EC3593755 /* IXLandTests.swift */,
			);
			path = IXLandTests;
			sourceTree = "<group>";
		};
		FD813EAADD683B7AF03E8A1F /* Remote */ = {
			isa = PBXGroup;
			children = (
			);
			path = Remote;
			sourceTree = "<group>";
		};
/* End PBXGroup section */

/* Begin PBXNativeTarget section */
		50BEDF360474886C1DEABD6B /* IXLand */ = {
			isa = PBXNativeTarget;
			buildConfigurationList = DA535478BB96E728F5BF10F9 /* Build configuration list for PBXNativeTarget "IXLand" */;
			buildPhases = (
				9CA0A0F04CEFC1893633AD3B /* Sources */,
			);
			buildRules = (
			);
			dependencies = (
			);
			name = IXLand;
			packageProductDependencies = (
			);
			productName = IXLand;
			productReference = 031FF2447718B52F38C30384 /* IXLand.app */;
			productType = "com.apple.product-type.application";
		};
		85703D9E88D0C681D2F5E677 /* IXLandTests */ = {
			isa = PBXNativeTarget;
			buildConfigurationList = F0272410E6A9C84C1C41AEBA /* Build configuration list for PBXNativeTarget "IXLandTests" */;
			buildPhases = (
				52CF2BAEAF0CD10C99AB9333 /* Sources */,
			);
			buildRules = (
			);
			dependencies = (
				0F0A8844B85C131CF9308F15 /* PBXTargetDependency */,
			);
			name = IXLandTests;
			packageProductDependencies = (
			);
			productName = IXLandTests;
			productReference = 232BFD5BD38B632B9C5DA0C0 /* IXLandTests.xctest */;
			productType = "com.apple.product-type.bundle.unit-test";
		};
		EB151D9CD112862BDC133377 /* IXLandUITests */ = {
			isa = PBXNativeTarget;
			buildConfigurationList = F56B350B4AD04A5EE6C0447A /* Build configuration list for PBXNativeTarget "IXLandUITests" */;
			buildPhases = (
				FE2A06336FD086E86B02DEDA /* Sources */,
			);
			buildRules = (
			);
			dependencies = (
				8D3B3F48EE7033DE93CF2B03 /* PBXTargetDependency */,
			);
			name = IXLandUITests;
			packageProductDependencies = (
			);
			productName = IXLandUITests;
			productReference = FCE77BC34E9927EE0457902C /* IXLandUITests.xctest */;
			productType = "com.apple.product-type.bundle.ui-testing";
		};
/* End PBXNativeTarget section */

/* Begin PBXProject section */
		A2F6030825E783FA19A7CB4C /* Project object */ = {
			isa = PBXProject;
			attributes = {
				BuildIndependentTargetsInParallel = YES;
				LastUpgradeCheck = 1430;
				TargetAttributes = {
					EB151D9CD112862BDC133377 = {
						TestTargetID = 50BEDF360474886C1DEABD6B;
					};
				};
			};
			buildConfigurationList = 09F36BE9435DA985CB5671B0 /* Build configuration list for PBXProject "IXLand" */;
			developmentRegion = en;
			hasScannedForEncodings = 0;
			knownRegions = (
				Base,
				en,
			);
			mainGroup = 1255E443A5832661104E6664;
			minimizedProjectReferenceProxies = 1;
			preferredProjectObjectVersion = 77;
			productRefGroup = 51CE820AFCA9C135C0C9ADBE /* Products */;
			projectDirPath = "";
			projectRoot = "";
			targets = (
				50BEDF360474886C1DEABD6B /* IXLand */,
				85703D9E88D0C681D2F5E677 /* IXLandTests */,
				EB151D9CD112862BDC133377 /* IXLandUITests */,
			);
		};
/* End PBXProject section */

/* Begin PBXSourcesBuildPhase section */
		52CF2BAEAF0CD10C99AB9333 /* Sources */ = {
			isa = PBXSourcesBuildPhase;
			buildActionMask = 2147483647;
			files = (
				FA92FC4384E89E1FF129F3B1 /* IXLandTests.swift in Sources */,
			);
			runOnlyForDeploymentPostprocessing = 0;
		};
		9CA0A0F04CEFC1893633AD3B /* Sources */ = {
			isa = PBXSourcesBuildPhase;
			buildActionMask = 2147483647;
			files = (
				6312B4B91B6BB7FE4EE36C0C /* AppDelegate.swift in Sources */,
				E39AB4FFE36A9CAFF5DA04FA /* RootViewController.swift in Sources */,
				E02BB24CA6E26C0A393E1E24 /* SceneDelegate.swift in Sources */,
			);
			runOnlyForDeploymentPostprocessing = 0;
		};
		FE2A06336FD086E86B02DEDA /* Sources */ = {
			isa = PBXSourcesBuildPhase;
			buildActionMask = 2147483647;
			files = (
				68CFEE0D8D1FF3EF68544671 /* IXLandUITests.swift in Sources */,
			);
			runOnlyForDeploymentPostprocessing = 0;
		};
/* End PBXSourcesBuildPhase section */

/* Begin PBXTargetDependency section */
		0F0A8844B85C131CF9308F15 /* PBXTargetDependency */ = {
			isa = PBXTargetDependency;
			target = 50BEDF360474886C1DEABD6B /* IXLand */;
			targetProxy = 137AE85948A06CE38F29F486 /* PBXContainerItemProxy */;
		};
		8D3B3F48EE7033DE93CF2B03 /* PBXTargetDependency */ = {
			isa = PBXTargetDependency;
			target = 50BEDF360474886C1DEABD6B /* IXLand */;
			targetProxy = 40A510E8E2C7FFD78A84552C /* PBXContainerItemProxy */;
		};
/* End PBXTargetDependency section */

/* Begin XCBuildConfiguration section */
		55F0ACF5E52F250383D83AA2 /* Debug */ = {
			isa = XCBuildConfiguration;
			buildSettings = {
				BUNDLE_LOADER = "$(TEST_HOST)";
				LD_RUNPATH_SEARCH_PATHS = (
					"$(inherited)",
					"@executable_path/Frameworks",
					"@loader_path/Frameworks",
				);
				SDKROOT = iphoneos;
				TARGETED_DEVICE_FAMILY = "1,2";
				TEST_TARGET_NAME = IXLand;
			};
			name = Debug;
		};
		6BD5A302C8BFF59392A4A0FA /* Debug */ = {
			isa = XCBuildConfiguration;
			buildSettings = {
				BUNDLE_LOADER = "$(TEST_HOST)";
				LD_RUNPATH_SEARCH_PATHS = (
					"$(inherited)",
					"@executable_path/Frameworks",
					"@loader_path/Frameworks",
				);
				SDKROOT = iphoneos;
				TARGETED_DEVICE_FAMILY = "1,2";
				TEST_HOST = "$(BUILT_PRODUCTS_DIR)/IXLand.app/IXLand";
			};
			name = Debug;
		};
		91A069A25F3B57851F3E9052 /* Release */ = {
			isa = XCBuildConfiguration;
			buildSettings = {
				ALWAYS_SEARCH_USER_PATHS = NO;
				CLANG_ANALYZER_NONNULL = YES;
				CLANG_ANALYZER_NUMBER_OBJECT_CONVERSION = YES_AGGRESSIVE;
				CLANG_CXX_LANGUAGE_STANDARD = "gnu++14";
				CLANG_CXX_LIBRARY = "libc++";
				CLANG_ENABLE_MODULES = YES;
				CLANG_ENABLE_OBJC_ARC = YES;
				CLANG_ENABLE_OBJC_WEAK = YES;
				CLANG_WARN_BLOCK_CAPTURE_AUTORELEASING = YES;
				CLANG_WARN_BOOL_CONVERSION = YES;
				CLANG_WARN_COMMA = YES;
				CLANG_WARN_CONSTANT_CONVERSION = YES;
				CLANG_WARN_DEPRECATED_OBJC_IMPLEMENTATIONS = YES;
				CLANG_WARN_DIRECT_OBJC_ISA_USAGE = YES_ERROR;
				CLANG_WARN_DOCUMENTATION_COMMENTS = YES;
				CLANG_WARN_EMPTY_BODY = YES;
				CLANG_WARN_ENUM_CONVERSION = YES;
				CLANG_WARN_INFINITE_RECURSION = YES;
				CLANG_WARN_INT_CONVERSION = YES;
				CLANG_WARN_NON_LITERAL_NULL_CONVERSION = YES;
				CLANG_WARN_OBJC_IMPLICIT_RETAIN_SELF = YES;
				CLANG_WARN_OBJC_LITERAL_CONVERSION = YES;
				CLANG_WARN_OBJC_ROOT_CLASS = YES_ERROR;
				CLANG_WARN_QUOTED_INCLUDE_IN_FRAMEWORK_HEADER = YES;
				CLANG_WARN_RANGE_LOOP_ANALYSIS = YES;
				CLANG_WARN_STRICT_PROTOTYPES = YES;
				CLANG_WARN_SUSPICIOUS_MOVE = YES;
				CLANG_WARN_UNGUARDED_AVAILABILITY = YES_AGGRESSIVE;
				CLANG_WARN_UNREACHABLE_CODE = YES;
				CLANG_WARN__DUPLICATE_METHOD_MATCH = YES;
				COPY_PHASE_STRIP = NO;
				DEBUG_INFORMATION_FORMAT = "dwarf-with-dsym";
				ENABLE_NS_ASSERTIONS = NO;
				ENABLE_STRICT_OBJC_MSGSEND = YES;
				GCC_C_LANGUAGE_STANDARD = gnu11;
				GCC_NO_COMMON_BLOCKS = YES;
				GCC_WARN_64_TO_32_BIT_CONVERSION = YES;
				GCC_WARN_ABOUT_RETURN_TYPE = YES_ERROR;
				GCC_WARN_UNDECLARED_SELECTOR = YES;
				GCC_WARN_UNINITIALIZED_AUTOS = YES_AGGRESSIVE;
				GCC_WARN_UNUSED_FUNCTION = YES;
				GCC_WARN_UNUSED_VARIABLE = YES;
				MTL_ENABLE_DEBUG_INFO = NO;
				MTL_FAST_MATH = YES;
				PRODUCT_NAME = "$(TARGET_NAME)";
				SDKROOT = iphoneos;
				SWIFT_COMPILATION_MODE = wholemodule;
				SWIFT_OPTIMIZATION_LEVEL = "-O";
				SWIFT_VERSION = 5.0;
			};
			name = Release;
		};
		9403A096E7F1EE6B9D1CC02E /* Release */ = {
			isa = XCBuildConfiguration;
			buildSettings = {
				BUNDLE_LOADER = "$(TEST_HOST)";
				LD_RUNPATH_SEARCH_PATHS = (
					"$(inherited)",
					"@executable_path/Frameworks",
					"@loader_path/Frameworks",
				);
				SDKROOT = iphoneos;
				TARGETED_DEVICE_FAMILY = "1,2";
				TEST_HOST = "$(BUILT_PRODUCTS_DIR)/IXLand.app/IXLand";
			};
			name = Release;
		};
		AE4C258253CEF18144878F01 /* Release */ = {
			isa = XCBuildConfiguration;
			buildSettings = {
				ASSETCATALOG_COMPILER_APPICON_NAME = AppIcon;
				CODE_SIGN_IDENTITY = "iPhone Developer";
				INFOPLIST_FILE = App/Info.plist;
				IPHONEOS_DEPLOYMENT_TARGET = 15.0;
				LD_RUNPATH_SEARCH_PATHS = (
					"$(inherited)",
					"@executable_path/Frameworks",
				);
				PRODUCT_BUNDLE_IDENTIFIER = com.ixland.app;
				SDKROOT = iphoneos;
				TARGETED_DEVICE_FAMILY = "1,2";
			};
			name = Release;
		};
		B0CF1044CD75D49BB218C271 /* Release */ = {
			isa = XCBuildConfiguration;
			buildSettings = {
				BUNDLE_LOADER = "$(TEST_HOST)";
				LD_RUNPATH_SEARCH_PATHS = (
					"$(inherited)",
					"@executable_path/Frameworks",
					"@loader_path/Frameworks",
				);
				SDKROOT = iphoneos;
				TARGETED_DEVICE_FAMILY = "1,2";
				TEST_TARGET_NAME = IXLand;
			};
			name = Release;
		};
		BA65A2B826CC08BCC4AF115E /* Debug */ = {
			isa = XCBuildConfiguration;
			buildSettings = {
				ALWAYS_SEARCH_USER_PATHS = NO;
				CLANG_ANALYZER_NONNULL = YES;
				CLANG_ANALYZER_NUMBER_OBJECT_CONVERSION = YES_AGGRESSIVE;
				CLANG_CXX_LANGUAGE_STANDARD = "gnu++14";
				CLANG_CXX_LIBRARY = "libc++";
				CLANG_ENABLE_MODULES = YES;
				CLANG_ENABLE_OBJC_ARC = YES;
				CLANG_ENABLE_OBJC_WEAK = YES;
				CLANG_WARN_BLOCK_CAPTURE_AUTORELEASING = YES;
				CLANG_WARN_BOOL_CONVERSION = YES;
				CLANG_WARN_COMMA = YES;
				CLANG_WARN_CONSTANT_CONVERSION = YES;
				CLANG_WARN_DEPRECATED_OBJC_IMPLEMENTATIONS = YES;
				CLANG_WARN_DIRECT_OBJC_ISA_USAGE = YES_ERROR;
				CLANG_WARN_DOCUMENTATION_COMMENTS = YES;
				CLANG_WARN_EMPTY_BODY = YES;
				CLANG_WARN_ENUM_CONVERSION = YES;
				CLANG_WARN_INFINITE_RECURSION = YES;
				CLANG_WARN_INT_CONVERSION = YES;
				CLANG_WARN_NON_LITERAL_NULL_CONVERSION = YES;
				CLANG_WARN_OBJC_IMPLICIT_RETAIN_SELF = YES;
				CLANG_WARN_OBJC_LITERAL_CONVERSION = YES;
				CLANG_WARN_OBJC_ROOT_CLASS = YES_ERROR;
				CLANG_WARN_QUOTED_INCLUDE_IN_FRAMEWORK_HEADER = YES;
				CLANG_WARN_RANGE_LOOP_ANALYSIS = YES;
				CLANG_WARN_STRICT_PROTOTYPES = YES;
				CLANG_WARN_SUSPICIOUS_MOVE = YES;
				CLANG_WARN_UNGUARDED_AVAILABILITY = YES_AGGRESSIVE;
				CLANG_WARN_UNREACHABLE_CODE = YES;
				CLANG_WARN__DUPLICATE_METHOD_MATCH = YES;
				COPY_PHASE_STRIP = NO;
				DEBUG_INFORMATION_FORMAT = dwarf;
				ENABLE_STRICT_OBJC_MSGSEND = YES;
				ENABLE_TESTABILITY = YES;
				GCC_C_LANGUAGE_STANDARD = gnu11;
				GCC_DYNAMIC_NO_PIC = NO;
				GCC_NO_COMMON_BLOCKS = YES;
				GCC_OPTIMIZATION_LEVEL = 0;
				GCC_PREPROCESSOR_DEFINITIONS = (
					"$(inherited)",
					"DEBUG=1",
				);
				GCC_WARN_64_TO_32_BIT_CONVERSION = YES;
				GCC_WARN_ABOUT_RETURN_TYPE = YES_ERROR;
				GCC_WARN_UNDECLARED_SELECTOR = YES;
				GCC_WARN_UNINITIALIZED_AUTOS = YES_AGGRESSIVE;
				GCC_WARN_UNUSED_FUNCTION = YES;
				GCC_WARN_UNUSED_VARIABLE = YES;
				MTL_ENABLE_DEBUG_INFO = INCLUDE_SOURCE;
				MTL_FAST_MATH = YES;
				ONLY_ACTIVE_ARCH = YES;
				PRODUCT_NAME = "$(TARGET_NAME)";
				SDKROOT = iphoneos;
				SWIFT_ACTIVE_COMPILATION_CONDITIONS = DEBUG;
				SWIFT_OPTIMIZATION_LEVEL = "-Onone";
				SWIFT_VERSION = 5.0;
			};
			name = Debug;
		};
		E6E409A9C34673248825B09C /* Debug */ = {
			isa = XCBuildConfiguration;
			buildSettings = {
				ASSETCATALOG_COMPILER_APPICON_NAME = AppIcon;
				CODE_SIGN_IDENTITY = "iPhone Developer";
				INFOPLIST_FILE = App/Info.plist;
				IPHONEOS_DEPLOYMENT_TARGET = 15.0;
				LD_RUNPATH_SEARCH_PATHS = (
					"$(inherited)",
					"@executable_path/Frameworks",
				);
				PRODUCT_BUNDLE_IDENTIFIER = com.ixland.app;
				SDKROOT = iphoneos;
				TARGETED_DEVICE_FAMILY = "1,2";
			};
			name = Debug;
		};
/* End XCBuildConfiguration section */

/* Begin XCConfigurationList section */
		09F36BE9435DA985CB5671B0 /* Build configuration list for PBXProject "IXLand" */ = {
			isa = XCConfigurationList;
			buildConfigurations = (
				BA65A2B826CC08BCC4AF115E /* Debug */,
				91A069A25F3B57851F3E9052 /* Release */,
			);
			defaultConfigurationIsVisible = 0;
			defaultConfigurationName = Debug;
		};
		DA535478BB96E728F5BF10F9 /* Build configuration list for PBXNativeTarget "IXLand" */ = {
			isa = XCConfigurationList;
			buildConfigurations = (
				E6E409A9C34673248825B09C /* Debug */,
				AE4C258253CEF18144878F01 /* Release */,
			);
			defaultConfigurationIsVisible = 0;
			defaultConfigurationName = Debug;
		};
		F0272410E6A9C84C1C41AEBA /* Build configuration list for PBXNativeTarget "IXLandTests" */ = {
			isa = XCConfigurationList;
			buildConfigurations = (
				6BD5A302C8BFF59392A4A0FA /* Debug */,
				9403A096E7F1EE6B9D1CC02E /* Release */,
			);
			defaultConfigurationIsVisible = 0;
			defaultConfigurationName = Debug;
		};
		F56B350B4AD04A5EE6C0447A /* Build configuration list for PBXNativeTarget "IXLandUITests" */ = {
			isa = XCConfigurationList;
			buildConfigurations = (
				55F0ACF5E52F250383D83AA2 /* Debug */,
				B0CF1044CD75D49BB218C271 /* Release */,
			);
			defaultConfigurationIsVisible = 0;
			defaultConfigurationName = Debug;
		};
/* End XCConfigurationList section */
	};
	rootObject = A2F6030825E783FA19A7CB4C /* Project object */;
}
